
Microsoft Visual Studio Solution File, Format Version 12.00
# Visual Studio Version 16
VisualStudioVersion = 16.0.30717.126
MinimumVisualStudioVersion = 10.0.40219.1
Project("{FAE04EC0-301F-11D3-BF4B-00C04F79EFBC}") = "DecathlonWebshop", "DecathlonWebshop\DecathlonWebshop.csproj", "{006DD54D-592D-409B-9464-1D9D3DD4EDE5}"
EndProject
Global
	GlobalSection(SolutionConfigurationPlatforms) = preSolution
		Debug|Any CPU = Debug|Any CPU
		Release|Any CPU = Release|Any CPU
	EndGlobalSection
	GlobalSection(ProjectConfigurationPlatforms) = postSolution
		{006DD54D-592D-409B-9464-1D9D3DD4EDE5}.Debug|Any CPU.ActiveCfg = Debug|Any CPU
		{006DD54D-592D-409B-9464-1D9D3DD4EDE5}.Debug|Any CPU.Build.0 = Debug|Any CPU
		{006DD54D-592D-409B-9464-1D9D3DD4EDE5}.Release|Any CPU.ActiveCfg = Release|Any CPU
		{006DD54D-592D-409B-9464-1D9D3DD4EDE5}.Release|Any CPU.Build.0 = Release|Any CPU
	EndGlobalSection
	GlobalSection(SolutionProperties) = preSolution
		HideSolutionNode = FALSE
	EndGlobalSection
	GlobalSection(ExtensibilityGlobals) = postSolution
		SolutionGuid = {8217C9B7-F7BA-4204-A331-83131E42285F}
	EndGlobalSection
EndGlobal
